
Microsoft Visual Studio Solution File, Format Version 12.00
# Visual Studio 15
VisualStudioVersion = 15.0.28307.705
MinimumVisualStudioVersion = 10.0.40219.1
Project("{FAE04EC0-301F-11D3-BF4B-00C04F79EFBC}") = "DemoDataTable", "DemoDataTable\DemoDataTable.csproj", "{B10039ED-B32D-4E55-B0FB-B5A7CBD3586E}"
EndProject
Global
	GlobalSection(SolutionConfigurationPlatforms) = preSolution
		Debug|Any CPU = Debug|Any CPU
		Release|Any CPU = Release|Any CPU
	EndGlobalSection
	GlobalSection(ProjectConfigurationPlatforms) = postSolution
		{B10039ED-B32D-4E55-B0FB-B5A7CBD3586E}.Debug|Any CPU.ActiveCfg = Debug|Any CPU
		{B10039ED-B32D-4E55-B0FB-B5A7CBD3586E}.Debug|Any CPU.Build.0 = Debug|Any CPU
		{B10039ED-B32D-4E55-B0FB-B5A7CBD3586E}.Release|Any CPU.ActiveCfg = Release|Any CPU
		{B10039ED-B32D-4E55-B0FB-B5A7CBD3586E}.Release|Any CPU.Build.0 = Release|Any CPU
	EndGlobalSection
	GlobalSection(SolutionProperties) = preSolution
		HideSolutionNode = FALSE
	EndGlobalSection
	GlobalSection(ExtensibilityGlobals) = postSolution
		SolutionGuid = {9D5F1C3A-DE4A-450A-A54E-F11ABE901F08}
	EndGlobalSection
EndGlobal
